<?xml version="1.0" encoding="utf-8"?>
<Project ToolsVersion="4.0" xmlns="http://schemas.microsoft.com/developer/msbuild/2003">
  <ItemGroup>
    <Filter Include="소스 파일">
      <UniqueIdentifier>{4FC737F1-C7A5-4376-A066-2A32D752A2FF}</UniqueIdentifier>
      <Extensions>cpp;c;cc;cxx;def;odl;idl;hpj;bat;asm;asmx</Extensions>
    </Filter>
    <Filter Include="헤더 파일">
      <UniqueIdentifier>{93995380-89BD-4b04-88EB-625FBE52EBFB}</UniqueIdentifier>
      <Extensions>h;hh;hpp;hxx;hm;inl;inc;xsd</Extensions>
    </Filter>
    <Filter Include="리소스 파일">
      <UniqueIdentifier>{67DA6AB6-F800-4c08-8B7A-83BB121AAD01}</UniqueIdentifier>
      <Extensions>rc;ico;cur;bmp;dlg;rc2;rct;bin;rgs;gif;jpg;jpeg;jpe;resx;tiff;tif;png;wav;mfcribbon-ms</Extensions>
    </Filter>
  </ItemGroup>
  <ItemGroup>
    <ClInclude Include="stdafx.h">
      <Filter>헤더 파일</Filter>
    </ClInclude>
    <ClInclude Include="targetver.h">
      <Filter>헤더 파일</Filter>
    </ClInclude>
    <ClInclude Include="cdk_int.h">
      <Filter>헤더 파일</Filter>
    </ClInclude>
    <ClInclude Include="cdk_objs.h">
      <Filter>헤더 파일</Filter>
    </ClInclude>
    <ClInclude Include="cdk_params.h">
      <Filter>헤더 파일</Filter>
    </ClInclude>
    <ClInclude Include="cdk_test.h">
      <Filter>헤더 파일</Filter>
    </ClInclude>
    <ClInclude Include="cdk_util.h">
      <Filter>헤더 파일</Filter>
    </ClInclude>
    <ClInclude Include="cdkscreen.h">
      <Filter>헤더 파일</Filter>
    </ClInclude>
    <ClInclude Include="curdefs.h">
      <Filter>헤더 파일</Filter>
    </ClInclude>
    <ClInclude Include="dialog.h">
      <Filter>헤더 파일</Filter>
    </ClInclude>
    <ClInclude Include="draw.h">
      <Filter>헤더 파일</Filter>
    </ClInclude>
    <ClInclude Include="entry.h">
      <Filter>헤더 파일</Filter>
    </ClInclude>
    <ClInclude Include="fselect.h">
      <Filter>헤더 파일</Filter>
    </ClInclude>
    <ClInclude Include="gen-scale.h">
      <Filter>헤더 파일</Filter>
    </ClInclude>
    <ClInclude Include="gen-slider.h">
      <Filter>헤더 파일</Filter>
    </ClInclude>
    <ClInclude Include="graph.h">
      <Filter>헤더 파일</Filter>
    </ClInclude>
    <ClInclude Include="histogram.h">
      <Filter>헤더 파일</Filter>
    </ClInclude>
    <ClInclude Include="itemlist.h">
      <Filter>헤더 파일</Filter>
    </ClInclude>
    <ClInclude Include="label.h">
      <Filter>헤더 파일</Filter>
    </ClInclude>
    <ClInclude Include="marquee.h">
      <Filter>헤더 파일</Filter>
    </ClInclude>
    <ClInclude Include="matrix.h">
      <Filter>헤더 파일</Filter>
    </ClInclude>
    <ClInclude Include="mentry.h">
      <Filter>헤더 파일</Filter>
    </ClInclude>
    <ClInclude Include="menu.h">
      <Filter>헤더 파일</Filter>
    </ClInclude>
    <ClInclude Include="radio.h">
      <Filter>헤더 파일</Filter>
    </ClInclude>
    <ClInclude Include="scroll.h">
      <Filter>헤더 파일</Filter>
    </ClInclude>
    <ClInclude Include="scroller.h">
      <Filter>헤더 파일</Filter>
    </ClInclude>
    <ClInclude Include="selection.h">
      <Filter>헤더 파일</Filter>
    </ClInclude>
    <ClInclude Include="swindow.h">
      <Filter>헤더 파일</Filter>
    </ClInclude>
    <ClInclude Include="template.h">
      <Filter>헤더 파일</Filter>
    </ClInclude>
    <ClInclude Include="traverse.h">
      <Filter>헤더 파일</Filter>
    </ClInclude>
    <ClInclude Include="viewer.h">
      <Filter>헤더 파일</Filter>
    </ClInclude>
    <ClInclude Include="alphalist.h">
      <Filter>헤더 파일</Filter>
    </ClInclude>
    <ClInclude Include="binding.h">
      <Filter>헤더 파일</Filter>
    </ClInclude>
    <ClInclude Include="button.h">
      <Filter>헤더 파일</Filter>
    </ClInclude>
    <ClInclude Include="buttonbox.h">
      <Filter>헤더 파일</Filter>
    </ClInclude>
    <ClInclude Include="calendar.h">
      <Filter>헤더 파일</Filter>
    </ClInclude>
    <ClInclude Include="cdk.h">
      <Filter>헤더 파일</Filter>
    </ClInclude>
    <ClInclude Include="cdk_compat.h">
      <Filter>헤더 파일</Filter>
    </ClInclude>
  </ItemGroup>
  <ItemGroup>
    <ClCompile Include="Conan.c">
      <Filter>소스 파일</Filter>
    </ClCompile>
    <ClCompile Include="stdafx.c">
      <Filter>소스 파일</Filter>
    </ClCompile>
  </ItemGroup>
  <ItemGroup>
    <None Include="cdk_version.hin">
      <Filter>헤더 파일</Filter>
    </None>
    <None Include="config.hin">
      <Filter>헤더 파일</Filter>
    </None>
  </ItemGroup>
</Project>